
Microsoft Visual Studio Solution File, Format Version 12.00
# Visual Studio Version 17
VisualStudioVersion = 17.3.32804.467
MinimumVisualStudioVersion = 10.0.40219.1
Project("{9A19103F-16F7-4668-BE54-9A1E7A4F7556}") = "MyApp.Web", "MyApp.Web.csproj", "{2C2B5A87-18AB-48E7-B55E-C7F3CA4D9C9B}"
EndProject
Project("{9A19103F-16F7-4668-BE54-9A1E7A4F7556}") = "MyApp.Infrastructure", "..\MyApp.Infrastructure\MyApp.Infrastructure.csproj", "{65B4353B-F8A3-4DD0-98E2-30E6E2367048}"
EndProject
Project("{9A19103F-16F7-4668-BE54-9A1E7A4F7556}") = "MyWeb.Core", "..\MyWeb.Core\MyWeb.Core.csproj", "{198B83D6-3CAA-43F2-B23D-14ACB1FA3338}"
EndProject
Global
	GlobalSection(SolutionConfigurationPlatforms) = preSolution
		Debug|Any CPU = Debug|Any CPU
		Release|Any CPU = Release|Any CPU
	EndGlobalSection
	GlobalSection(ProjectConfigurationPlatforms) = postSolution
		{2C2B5A87-18AB-48E7-B55E-C7F3CA4D9C9B}.Debug|Any CPU.ActiveCfg = Debug|Any CPU
		{2C2B5A87-18AB-48E7-B55E-C7F3CA4D9C9B}.Debug|Any CPU.Build.0 = Debug|Any CPU
		{2C2B5A87-18AB-48E7-B55E-C7F3CA4D9C9B}.Release|Any CPU.ActiveCfg = Release|Any CPU
		{2C2B5A87-18AB-48E7-B55E-C7F3CA4D9C9B}.Release|Any CPU.Build.0 = Release|Any CPU
		{65B4353B-F8A3-4DD0-98E2-30E6E2367048}.Debug|Any CPU.ActiveCfg = Debug|Any CPU
		{65B4353B-F8A3-4DD0-98E2-30E6E2367048}.Debug|Any CPU.Build.0 = Debug|Any CPU
		{65B4353B-F8A3-4DD0-98E2-30E6E2367048}.Release|Any CPU.ActiveCfg = Release|Any CPU
		{65B4353B-F8A3-4DD0-98E2-30E6E2367048}.Release|Any CPU.Build.0 = Release|Any CPU
		{198B83D6-3CAA-43F2-B23D-14ACB1FA3338}.Debug|Any CPU.ActiveCfg = Debug|Any CPU
		{198B83D6-3CAA-43F2-B23D-14ACB1FA3338}.Debug|Any CPU.Build.0 = Debug|Any CPU
		{198B83D6-3CAA-43F2-B23D-14ACB1FA3338}.Release|Any CPU.ActiveCfg = Release|Any CPU
		{198B83D6-3CAA-43F2-B23D-14ACB1FA3338}.Release|Any CPU.Build.0 = Release|Any CPU
	EndGlobalSection
	GlobalSection(SolutionProperties) = preSolution
		HideSolutionNode = FALSE
	EndGlobalSection
	GlobalSection(ExtensibilityGlobals) = postSolution
		SolutionGuid = {089FFD01-FCA4-4A81-A23D-A6715FB0F451}
	EndGlobalSection
EndGlobal
